
Microsoft Visual Studio Solution File, Format Version 12.00
# Visual Studio Version 17
VisualStudioVersion = 17.8.34309.116
MinimumVisualStudioVersion = 10.0.40219.1
Project("{9A19103F-16F7-4668-BE54-9A1E7A4F7556}") = "CodingWiki_Web", "CodingWiki_Web\CodingWiki_Web.csproj", "{946EB143-1FDB-4AE7-AF19-4BD307E4CEF1}"
EndProject
Project("{9A19103F-16F7-4668-BE54-9A1E7A4F7556}") = "CodingWiki_DataAccess", "CodingWiki_DataAccess\CodingWiki_DataAccess.csproj", "{CFB2D4D7-0114-4842-82AB-5219C2B58B3A}"
EndProject
Project("{9A19103F-16F7-4668-BE54-9A1E7A4F7556}") = "CodingWiki_Model", "CodingWiki_Model\CodingWiki_Model.csproj", "{8920CD8D-CF78-4BB9-9227-A248DC2B1EA3}"
EndProject
Project("{FAE04EC0-301F-11D3-BF4B-00C04F79EFBC}") = "CodingWiki_Console", "CodingWiki_Console\CodingWiki_Console.csproj", "{332A8B82-4BAC-41B5-AF16-BF3924D4EAC7}"
EndProject
Global
	GlobalSection(SolutionConfigurationPlatforms) = preSolution
		Debug|Any CPU = Debug|Any CPU
		Release|Any CPU = Release|Any CPU
	EndGlobalSection
	GlobalSection(ProjectConfigurationPlatforms) = postSolution
		{946EB143-1FDB-4AE7-AF19-4BD307E4CEF1}.Debug|Any CPU.ActiveCfg = Debug|Any CPU
		{946EB143-1FDB-4AE7-AF19-4BD307E4CEF1}.Debug|Any CPU.Build.0 = Debug|Any CPU
		{946EB143-1FDB-4AE7-AF19-4BD307E4CEF1}.Release|Any CPU.ActiveCfg = Release|Any CPU
		{946EB143-1FDB-4AE7-AF19-4BD307E4CEF1}.Release|Any CPU.Build.0 = Release|Any CPU
		{CFB2D4D7-0114-4842-82AB-5219C2B58B3A}.Debug|Any CPU.ActiveCfg = Debug|Any CPU
		{CFB2D4D7-0114-4842-82AB-5219C2B58B3A}.Debug|Any CPU.Build.0 = Debug|Any CPU
		{CFB2D4D7-0114-4842-82AB-5219C2B58B3A}.Release|Any CPU.ActiveCfg = Release|Any CPU
		{CFB2D4D7-0114-4842-82AB-5219C2B58B3A}.Release|Any CPU.Build.0 = Release|Any CPU
		{8920CD8D-CF78-4BB9-9227-A248DC2B1EA3}.Debug|Any CPU.ActiveCfg = Debug|Any CPU
		{8920CD8D-CF78-4BB9-9227-A248DC2B1EA3}.Debug|Any CPU.Build.0 = Debug|Any CPU
		{8920CD8D-CF78-4BB9-9227-A248DC2B1EA3}.Release|Any CPU.ActiveCfg = Release|Any CPU
		{8920CD8D-CF78-4BB9-9227-A248DC2B1EA3}.Release|Any CPU.Build.0 = Release|Any CPU
		{332A8B82-4BAC-41B5-AF16-BF3924D4EAC7}.Debug|Any CPU.ActiveCfg = Debug|Any CPU
		{332A8B82-4BAC-41B5-AF16-BF3924D4EAC7}.Debug|Any CPU.Build.0 = Debug|Any CPU
		{332A8B82-4BAC-41B5-AF16-BF3924D4EAC7}.Release|Any CPU.ActiveCfg = Release|Any CPU
		{332A8B82-4BAC-41B5-AF16-BF3924D4EAC7}.Release|Any CPU.Build.0 = Release|Any CPU
	EndGlobalSection
	GlobalSection(SolutionProperties) = preSolution
		HideSolutionNode = FALSE
	EndGlobalSection
	GlobalSection(ExtensibilityGlobals) = postSolution
		SolutionGuid = {72CC2BE4-7EB7-40A8-929C-5031E5699418}
	EndGlobalSection
EndGlobal
